github.com/gorilla/mux v1.7.4 h1:VuZ8uybHlWmqV03+zRzdwKL4tUnIp1MAQtp1mIFE1bc=
github.com/gorilla/mux v1.7.4/go.mod h1:DVbg23sWSpFRCP0SfiEN6jmj59UnW/n46BH5rLB71So=
github.com/lib/pq v1.8.0 h1:9xohqzkUwzR4Ga4ivdTcawVS89YSDVxXMa3xJX3cGzg=
github.com/lib/pq v1.8.0/go.mod h1:AlVN5x4E4T544tWzH6hKfbfQvm3HdbOxrmggDNAPY9o=
github.com/synbioz/go_api v0.0.0-20150717075507-4fb3d9247c55 h1:gbz1gwVJmQAeXd7hvrzF1cB26QNi32ORL/KzEh8nJ8Y=
github.com/synbioz/go_api v0.0.0-20150717075507-4fb3d9247c55/go.mod h1:dNyaT1YdVMOpVy5YHKWHIK9zPrmYRo8GrUYq/e2IgXY=
